
Microsoft Visual Studio Solution File, Format Version 12.00
# Visual Studio Version 17
VisualStudioVersion = 17.12.35506.116 d17.12
MinimumVisualStudioVersion = 10.0.40219.1
Project("{8BC9CEB8-8B4A-11D0-8D11-00A0C91BC942}") = "E - Burning Midnight Oil", "E - Burning Midnight Oil\E - Burning Midnight Oil.vcxproj", "{DC363C47-C318-4514-9DEB-21634BC0BBFC}"
EndProject
Global
	GlobalSection(SolutionConfigurationPlatforms) = preSolution
		Debug|x64 = Debug|x64
		Debug|x86 = Debug|x86
		Release|x64 = Release|x64
		Release|x86 = Release|x86
	EndGlobalSection
	GlobalSection(ProjectConfigurationPlatforms) = postSolution
		{DC363C47-C318-4514-9DEB-21634BC0BBFC}.Debug|x64.ActiveCfg = Debug|x64
		{DC363C47-C318-4514-9DEB-21634BC0BBFC}.Debug|x64.Build.0 = Debug|x64
		{DC363C47-C318-4514-9DEB-21634BC0BBFC}.Debug|x86.ActiveCfg = Debug|Win32
		{DC363C47-C318-4514-9DEB-21634BC0BBFC}.Debug|x86.Build.0 = Debug|Win32
		{DC363C47-C318-4514-9DEB-21634BC0BBFC}.Release|x64.ActiveCfg = Release|x64
		{DC363C47-C318-4514-9DEB-21634BC0BBFC}.Release|x64.Build.0 = Release|x64
		{DC363C47-C318-4514-9DEB-21634BC0BBFC}.Release|x86.ActiveCfg = Release|Win32
		{DC363C47-C318-4514-9DEB-21634BC0BBFC}.Release|x86.Build.0 = Release|Win32
	EndGlobalSection
	GlobalSection(SolutionProperties) = preSolution
		HideSolutionNode = FALSE
	EndGlobalSection
EndGlobal
